
Microsoft Visual Studio Solution File, Format Version 12.00
# Visual Studio Version 17
VisualStudioVersion = 17.4.33205.214
MinimumVisualStudioVersion = 10.0.40219.1
Project("{FAE04EC0-301F-11D3-BF4B-00C04F79EFBC}") = "QuanLyKhoaHoc", "QuanLyKhoaHoc.csproj", "{759E9632-0CB1-4663-9A71-3367F5FF1F36}"
EndProject
Global
	GlobalSection(SolutionConfigurationPlatforms) = preSolution
		Debug|Any CPU = Debug|Any CPU
		Release|Any CPU = Release|Any CPU
	EndGlobalSection
	GlobalSection(ProjectConfigurationPlatforms) = postSolution
		{759E9632-0CB1-4663-9A71-3367F5FF1F36}.Debug|Any CPU.ActiveCfg = Debug|Any CPU
		{759E9632-0CB1-4663-9A71-3367F5FF1F36}.Debug|Any CPU.Build.0 = Debug|Any CPU
		{759E9632-0CB1-4663-9A71-3367F5FF1F36}.Release|Any CPU.ActiveCfg = Release|Any CPU
		{759E9632-0CB1-4663-9A71-3367F5FF1F36}.Release|Any CPU.Build.0 = Release|Any CPU
	EndGlobalSection
	GlobalSection(SolutionProperties) = preSolution
		HideSolutionNode = FALSE
	EndGlobalSection
	GlobalSection(ExtensibilityGlobals) = postSolution
		SolutionGuid = {157B094B-D577-407F-8FD6-6D54671C9DDA}
	EndGlobalSection
EndGlobal
